
Microsoft Visual Studio Solution File, Format Version 12.00
# Visual Studio 15
VisualStudioVersion = 15.0.26730.3
MinimumVisualStudioVersion = 10.0.40219.1
Project("{2150E333-8FDC-42A3-9474-1A3956D46DE8}") = "CalculatorManagement", "CalculatorManagement", "{0D33C116-ACB6-4E9F-8D7A-2614743CFBCD}"
EndProject
Project("{FAE04EC0-301F-11D3-BF4B-00C04F79EFBC}") = "CalculatorManagement", "CalculatorManagement\CalculatorManagement\CalculatorManagement.csproj", "{32039B8F-BD9A-427D-9AD1-82A1EEE30585}"
EndProject
Project("{FAE04EC0-301F-11D3-BF4B-00C04F79EFBC}") = "NUnit.TestCalculatorManagement", "CalculatorManagement\NUnit.TestConsoleNUnit\NUnit.TestCalculatorManagement.csproj", "{8EDF4429-251A-416D-BB68-93F227191BCF}"
EndProject
Project("{FAE04EC0-301F-11D3-BF4B-00C04F79EFBC}") = "OtherCalculator", "OtherCalculator\OtherCalculator.csproj", "{CA77A5D3-75ED-48BF-B3D7-5220339744AB}"
EndProject
Project("{2150E333-8FDC-42A3-9474-1A3956D46DE8}") = "WebProject", "WebProject", "{B79D193C-921E-41A7-B4A8-2283A3991899}"
EndProject
Project("{9A19103F-16F7-4668-BE54-9A1E7A4F7556}") = "MyWebProject", "MyWebProject\MyWebProject.csproj", "{28150578-D3A3-49E7-A95E-E97289CB7D5A}"
EndProject
Project("{9A19103F-16F7-4668-BE54-9A1E7A4F7556}") = "MyWebProject.UnitTests", "XUnitTestMyWebProject\MyWebProject.UnitTests.csproj", "{F8B0156B-7B10-484E-ADE9-D24633BCE9E0}"
EndProject
Project("{9A19103F-16F7-4668-BE54-9A1E7A4F7556}") = "MyWebProject.IntegrationTesting", "MyWebProject.IntegrationTesting\MyWebProject.IntegrationTesting.csproj", "{8034E1A0-2298-4A8B-B4F2-2752426DF7FC}"
EndProject
Project("{FAE04EC0-301F-11D3-BF4B-00C04F79EFBC}") = "JavaScriptUnitTest", "JavaScriptUnitTest\JavaScriptUnitTest.csproj", "{9E957205-8888-4BB1-A303-0539A5D50403}"
EndProject
Global
	GlobalSection(SolutionConfigurationPlatforms) = preSolution
		Debug|Any CPU = Debug|Any CPU
		Release|Any CPU = Release|Any CPU
	EndGlobalSection
	GlobalSection(ProjectConfigurationPlatforms) = postSolution
		{32039B8F-BD9A-427D-9AD1-82A1EEE30585}.Debug|Any CPU.ActiveCfg = Debug|Any CPU
		{32039B8F-BD9A-427D-9AD1-82A1EEE30585}.Debug|Any CPU.Build.0 = Debug|Any CPU
		{32039B8F-BD9A-427D-9AD1-82A1EEE30585}.Release|Any CPU.ActiveCfg = Release|Any CPU
		{32039B8F-BD9A-427D-9AD1-82A1EEE30585}.Release|Any CPU.Build.0 = Release|Any CPU
		{8EDF4429-251A-416D-BB68-93F227191BCF}.Debug|Any CPU.ActiveCfg = Debug|Any CPU
		{8EDF4429-251A-416D-BB68-93F227191BCF}.Debug|Any CPU.Build.0 = Debug|Any CPU
		{8EDF4429-251A-416D-BB68-93F227191BCF}.Release|Any CPU.ActiveCfg = Release|Any CPU
		{8EDF4429-251A-416D-BB68-93F227191BCF}.Release|Any CPU.Build.0 = Release|Any CPU
		{CA77A5D3-75ED-48BF-B3D7-5220339744AB}.Debug|Any CPU.ActiveCfg = Debug|Any CPU
		{CA77A5D3-75ED-48BF-B3D7-5220339744AB}.Debug|Any CPU.Build.0 = Debug|Any CPU
		{CA77A5D3-75ED-48BF-B3D7-5220339744AB}.Release|Any CPU.ActiveCfg = Release|Any CPU
		{CA77A5D3-75ED-48BF-B3D7-5220339744AB}.Release|Any CPU.Build.0 = Release|Any CPU
		{28150578-D3A3-49E7-A95E-E97289CB7D5A}.Debug|Any CPU.ActiveCfg = Debug|Any CPU
		{28150578-D3A3-49E7-A95E-E97289CB7D5A}.Debug|Any CPU.Build.0 = Debug|Any CPU
		{28150578-D3A3-49E7-A95E-E97289CB7D5A}.Release|Any CPU.ActiveCfg = Release|Any CPU
		{28150578-D3A3-49E7-A95E-E97289CB7D5A}.Release|Any CPU.Build.0 = Release|Any CPU
		{F8B0156B-7B10-484E-ADE9-D24633BCE9E0}.Debug|Any CPU.ActiveCfg = Debug|Any CPU
		{F8B0156B-7B10-484E-ADE9-D24633BCE9E0}.Debug|Any CPU.Build.0 = Debug|Any CPU
		{F8B0156B-7B10-484E-ADE9-D24633BCE9E0}.Release|Any CPU.ActiveCfg = Release|Any CPU
		{F8B0156B-7B10-484E-ADE9-D24633BCE9E0}.Release|Any CPU.Build.0 = Release|Any CPU
		{8034E1A0-2298-4A8B-B4F2-2752426DF7FC}.Debug|Any CPU.ActiveCfg = Debug|Any CPU
		{8034E1A0-2298-4A8B-B4F2-2752426DF7FC}.Debug|Any CPU.Build.0 = Debug|Any CPU
		{8034E1A0-2298-4A8B-B4F2-2752426DF7FC}.Release|Any CPU.ActiveCfg = Release|Any CPU
		{8034E1A0-2298-4A8B-B4F2-2752426DF7FC}.Release|Any CPU.Build.0 = Release|Any CPU
		{9E957205-8888-4BB1-A303-0539A5D50403}.Debug|Any CPU.ActiveCfg = Debug|Any CPU
		{9E957205-8888-4BB1-A303-0539A5D50403}.Debug|Any CPU.Build.0 = Debug|Any CPU
		{9E957205-8888-4BB1-A303-0539A5D50403}.Release|Any CPU.ActiveCfg = Release|Any CPU
		{9E957205-8888-4BB1-A303-0539A5D50403}.Release|Any CPU.Build.0 = Release|Any CPU
	EndGlobalSection
	GlobalSection(SolutionProperties) = preSolution
		HideSolutionNode = FALSE
	EndGlobalSection
	GlobalSection(NestedProjects) = preSolution
		{32039B8F-BD9A-427D-9AD1-82A1EEE30585} = {0D33C116-ACB6-4E9F-8D7A-2614743CFBCD}
		{8EDF4429-251A-416D-BB68-93F227191BCF} = {0D33C116-ACB6-4E9F-8D7A-2614743CFBCD}
		{CA77A5D3-75ED-48BF-B3D7-5220339744AB} = {0D33C116-ACB6-4E9F-8D7A-2614743CFBCD}
		{28150578-D3A3-49E7-A95E-E97289CB7D5A} = {B79D193C-921E-41A7-B4A8-2283A3991899}
		{F8B0156B-7B10-484E-ADE9-D24633BCE9E0} = {B79D193C-921E-41A7-B4A8-2283A3991899}
		{8034E1A0-2298-4A8B-B4F2-2752426DF7FC} = {B79D193C-921E-41A7-B4A8-2283A3991899}
		{9E957205-8888-4BB1-A303-0539A5D50403} = {B79D193C-921E-41A7-B4A8-2283A3991899}
	EndGlobalSection
	GlobalSection(ExtensibilityGlobals) = postSolution
		SolutionGuid = {E9BE788D-F96A-4206-9F87-0F2E9CE920A0}
	EndGlobalSection
EndGlobal
